
Microsoft Visual Studio Solution File, Format Version 12.00
# Visual Studio Version 17
VisualStudioVersion = 17.7.34202.233
MinimumVisualStudioVersion = 10.0.40219.1
Project("{2150E333-8FDC-42A3-9474-1A3956D46DE8}") = "App", "App", "{42ABEF4B-39A2-4178-BEF0-7A5C8D5B253E}"
EndProject
Project("{9A19103F-16F7-4668-BE54-9A1E7A4F7556}") = "Api", "App\Api\Api.csproj", "{3D792E4E-9383-4FC7-BC81-BD0FD0DEED94}"
	ProjectSection(ProjectDependencies) = postProject
		{34E2D3A0-1E98-4F2A-B00D-22E78062BBE6} = {34E2D3A0-1E98-4F2A-B00D-22E78062BBE6}
	EndProjectSection
EndProject
Project("{9A19103F-16F7-4668-BE54-9A1E7A4F7556}") = "Database", "App\Database\Database.csproj", "{34E2D3A0-1E98-4F2A-B00D-22E78062BBE6}"
EndProject
Project("{2150E333-8FDC-42A3-9474-1A3956D46DE8}") = "Auth", "Auth", "{3BBDE54F-875B-4B76-8925-A9FAACF90D37}"
EndProject
Project("{9A19103F-16F7-4668-BE54-9A1E7A4F7556}") = "Api", "Auth\Api\Api.csproj", "{3EA2CA0C-3204-47A5-B5B4-1A74A89FF846}"
EndProject
Project("{9A19103F-16F7-4668-BE54-9A1E7A4F7556}") = "Database", "Auth\Database\Database.csproj", "{60C421C0-9D57-4C40-A27C-B8741905A791}"
EndProject
Project("{9A19103F-16F7-4668-BE54-9A1E7A4F7556}") = "Domain", "Auth\Domain\Domain.csproj", "{09B77ADF-091D-4C69-9B3E-CA8D46E2D87D}"
EndProject
Project("{9A19103F-16F7-4668-BE54-9A1E7A4F7556}") = "Querys", "Auth\Querys\Querys.csproj", "{BE3C70E2-2EA4-40B4-864B-52C47655A7EC}"
EndProject
Project("{9A19103F-16F7-4668-BE54-9A1E7A4F7556}") = "Services", "Auth\Services\Services.csproj", "{29681976-F797-4C90-8A7C-0CC6CC8CE9A9}"
EndProject
Project("{2150E333-8FDC-42A3-9474-1A3956D46DE8}") = "Message", "Message", "{E79ED4E5-BC80-47F0-941F-A16F1A8C8664}"
EndProject
Project("{9A19103F-16F7-4668-BE54-9A1E7A4F7556}") = "Api", "Message\Api\Api.csproj", "{2D7F1CAF-2236-4460-A246-715123562BE0}"
	ProjectSection(ProjectDependencies) = postProject
		{31FAE25B-5C3C-4E95-99B7-6F784ACC41F7} = {31FAE25B-5C3C-4E95-99B7-6F784ACC41F7}
		{BAC8C956-E514-4407-83AD-DA6071687212} = {BAC8C956-E514-4407-83AD-DA6071687212}
		{CDD79917-6470-48FA-B3D1-1DE40C73039D} = {CDD79917-6470-48FA-B3D1-1DE40C73039D}
		{D98BF06B-5D54-4848-A0FC-225FFA10232D} = {D98BF06B-5D54-4848-A0FC-225FFA10232D}
	EndProjectSection
EndProject
Project("{9A19103F-16F7-4668-BE54-9A1E7A4F7556}") = "Database", "Message\Database\Database.csproj", "{BAC8C956-E514-4407-83AD-DA6071687212}"
	ProjectSection(ProjectDependencies) = postProject
		{D98BF06B-5D54-4848-A0FC-225FFA10232D} = {D98BF06B-5D54-4848-A0FC-225FFA10232D}
	EndProjectSection
EndProject
Project("{2150E333-8FDC-42A3-9474-1A3956D46DE8}") = "Shared", "Shared", "{A9BA602B-CB6B-4761-A7A8-6DC16A6EEBF8}"
EndProject
Project("{9A19103F-16F7-4668-BE54-9A1E7A4F7556}") = "Shared.Domain", "Shared\Domain\Shared.Domain.csproj", "{8C96ED0C-A7F8-40F8-BA74-4850527B33F2}"
EndProject
Project("{9A19103F-16F7-4668-BE54-9A1E7A4F7556}") = "Shared.Dtos", "Shared\Dtos\Shared.Dtos.csproj", "{878C1A19-4AFE-4E02-A645-1CE723716F31}"
EndProject
Project("{9A19103F-16F7-4668-BE54-9A1E7A4F7556}") = "Shared.Querys", "Shared\Querys\Shared.Querys.csproj", "{D7AC9F52-64B9-4C85-8317-99416C425611}"
EndProject
Project("{9A19103F-16F7-4668-BE54-9A1E7A4F7556}") = "Shared.Services", "Shared\Services\Shared.Services.csproj", "{B4BA17FD-18D4-4F0F-BBE2-A7BC1CE5C42C}"
EndProject
Project("{9A19103F-16F7-4668-BE54-9A1E7A4F7556}") = "Shared.Infra", "Shared\Infra\Shared.Infra.csproj", "{18941F40-C9F6-4848-A559-E6153EB73BCE}"
EndProject
Project("{9A19103F-16F7-4668-BE54-9A1E7A4F7556}") = "Shared.Registration", "Shared\Registration\Shared.Registration.csproj", "{DC409348-7E01-4019-9E63-5FC65A44ADD9}"
EndProject
Project("{2150E333-8FDC-42A3-9474-1A3956D46DE8}") = "Solution Items", "Solution Items", "{F547EF37-7F03-4D1B-9963-497E119A812F}"
	ProjectSection(SolutionItems) = preProject
		.editorconfig = .editorconfig
	EndProjectSection
EndProject
Project("{9A19103F-16F7-4668-BE54-9A1E7A4F7556}") = "Domain", "Message\Domain\Domain.csproj", "{D98BF06B-5D54-4848-A0FC-225FFA10232D}"
EndProject
Project("{9A19103F-16F7-4668-BE54-9A1E7A4F7556}") = "Services", "Message\Services\Services.csproj", "{31FAE25B-5C3C-4E95-99B7-6F784ACC41F7}"
EndProject
Project("{9A19103F-16F7-4668-BE54-9A1E7A4F7556}") = "Querys", "Message\Querys\Querys.csproj", "{CDD79917-6470-48FA-B3D1-1DE40C73039D}"
EndProject
Project("{9A19103F-16F7-4668-BE54-9A1E7A4F7556}") = "Services", "App\Services\Services.csproj", "{C235D796-828D-4998-B130-A9E359B56402}"
	ProjectSection(ProjectDependencies) = postProject
		{18941F40-C9F6-4848-A559-E6153EB73BCE} = {18941F40-C9F6-4848-A559-E6153EB73BCE}
		{34E2D3A0-1E98-4F2A-B00D-22E78062BBE6} = {34E2D3A0-1E98-4F2A-B00D-22E78062BBE6}
		{878C1A19-4AFE-4E02-A645-1CE723716F31} = {878C1A19-4AFE-4E02-A645-1CE723716F31}
	EndProjectSection
EndProject
Project("{9A19103F-16F7-4668-BE54-9A1E7A4F7556}") = "Domain", "App\Domain\Domain.csproj", "{423244AF-2AB4-41DB-9C9F-46615FA80136}"
EndProject
Global
	GlobalSection(SolutionConfigurationPlatforms) = preSolution
		Debug|Any CPU = Debug|Any CPU
		Release|Any CPU = Release|Any CPU
	EndGlobalSection
	GlobalSection(ProjectConfigurationPlatforms) = postSolution
		{3D792E4E-9383-4FC7-BC81-BD0FD0DEED94}.Debug|Any CPU.ActiveCfg = Debug|Any CPU
		{3D792E4E-9383-4FC7-BC81-BD0FD0DEED94}.Debug|Any CPU.Build.0 = Debug|Any CPU
		{3D792E4E-9383-4FC7-BC81-BD0FD0DEED94}.Release|Any CPU.ActiveCfg = Release|Any CPU
		{3D792E4E-9383-4FC7-BC81-BD0FD0DEED94}.Release|Any CPU.Build.0 = Release|Any CPU
		{34E2D3A0-1E98-4F2A-B00D-22E78062BBE6}.Debug|Any CPU.ActiveCfg = Debug|Any CPU
		{34E2D3A0-1E98-4F2A-B00D-22E78062BBE6}.Debug|Any CPU.Build.0 = Debug|Any CPU
		{34E2D3A0-1E98-4F2A-B00D-22E78062BBE6}.Release|Any CPU.ActiveCfg = Release|Any CPU
		{34E2D3A0-1E98-4F2A-B00D-22E78062BBE6}.Release|Any CPU.Build.0 = Release|Any CPU
		{3EA2CA0C-3204-47A5-B5B4-1A74A89FF846}.Debug|Any CPU.ActiveCfg = Debug|Any CPU
		{3EA2CA0C-3204-47A5-B5B4-1A74A89FF846}.Debug|Any CPU.Build.0 = Debug|Any CPU
		{3EA2CA0C-3204-47A5-B5B4-1A74A89FF846}.Release|Any CPU.ActiveCfg = Release|Any CPU
		{3EA2CA0C-3204-47A5-B5B4-1A74A89FF846}.Release|Any CPU.Build.0 = Release|Any CPU
		{60C421C0-9D57-4C40-A27C-B8741905A791}.Debug|Any CPU.ActiveCfg = Debug|Any CPU
		{60C421C0-9D57-4C40-A27C-B8741905A791}.Debug|Any CPU.Build.0 = Debug|Any CPU
		{60C421C0-9D57-4C40-A27C-B8741905A791}.Release|Any CPU.ActiveCfg = Release|Any CPU
		{60C421C0-9D57-4C40-A27C-B8741905A791}.Release|Any CPU.Build.0 = Release|Any CPU
		{09B77ADF-091D-4C69-9B3E-CA8D46E2D87D}.Debug|Any CPU.ActiveCfg = Debug|Any CPU
		{09B77ADF-091D-4C69-9B3E-CA8D46E2D87D}.Debug|Any CPU.Build.0 = Debug|Any CPU
		{09B77ADF-091D-4C69-9B3E-CA8D46E2D87D}.Release|Any CPU.ActiveCfg = Release|Any CPU
		{09B77ADF-091D-4C69-9B3E-CA8D46E2D87D}.Release|Any CPU.Build.0 = Release|Any CPU
		{BE3C70E2-2EA4-40B4-864B-52C47655A7EC}.Debug|Any CPU.ActiveCfg = Debug|Any CPU
		{BE3C70E2-2EA4-40B4-864B-52C47655A7EC}.Debug|Any CPU.Build.0 = Debug|Any CPU
		{BE3C70E2-2EA4-40B4-864B-52C47655A7EC}.Release|Any CPU.ActiveCfg = Release|Any CPU
		{BE3C70E2-2EA4-40B4-864B-52C47655A7EC}.Release|Any CPU.Build.0 = Release|Any CPU
		{29681976-F797-4C90-8A7C-0CC6CC8CE9A9}.Debug|Any CPU.ActiveCfg = Debug|Any CPU
		{29681976-F797-4C90-8A7C-0CC6CC8CE9A9}.Debug|Any CPU.Build.0 = Debug|Any CPU
		{29681976-F797-4C90-8A7C-0CC6CC8CE9A9}.Release|Any CPU.ActiveCfg = Release|Any CPU
		{29681976-F797-4C90-8A7C-0CC6CC8CE9A9}.Release|Any CPU.Build.0 = Release|Any CPU
		{2D7F1CAF-2236-4460-A246-715123562BE0}.Debug|Any CPU.ActiveCfg = Debug|Any CPU
		{2D7F1CAF-2236-4460-A246-715123562BE0}.Debug|Any CPU.Build.0 = Debug|Any CPU
		{2D7F1CAF-2236-4460-A246-715123562BE0}.Release|Any CPU.ActiveCfg = Release|Any CPU
		{2D7F1CAF-2236-4460-A246-715123562BE0}.Release|Any CPU.Build.0 = Release|Any CPU
		{BAC8C956-E514-4407-83AD-DA6071687212}.Debug|Any CPU.ActiveCfg = Debug|Any CPU
		{BAC8C956-E514-4407-83AD-DA6071687212}.Debug|Any CPU.Build.0 = Debug|Any CPU
		{BAC8C956-E514-4407-83AD-DA6071687212}.Release|Any CPU.ActiveCfg = Release|Any CPU
		{BAC8C956-E514-4407-83AD-DA6071687212}.Release|Any CPU.Build.0 = Release|Any CPU
		{8C96ED0C-A7F8-40F8-BA74-4850527B33F2}.Debug|Any CPU.ActiveCfg = Debug|Any CPU
		{8C96ED0C-A7F8-40F8-BA74-4850527B33F2}.Debug|Any CPU.Build.0 = Debug|Any CPU
		{8C96ED0C-A7F8-40F8-BA74-4850527B33F2}.Release|Any CPU.ActiveCfg = Release|Any CPU
		{8C96ED0C-A7F8-40F8-BA74-4850527B33F2}.Release|Any CPU.Build.0 = Release|Any CPU
		{878C1A19-4AFE-4E02-A645-1CE723716F31}.Debug|Any CPU.ActiveCfg = Debug|Any CPU
		{878C1A19-4AFE-4E02-A645-1CE723716F31}.Debug|Any CPU.Build.0 = Debug|Any CPU
		{878C1A19-4AFE-4E02-A645-1CE723716F31}.Release|Any CPU.ActiveCfg = Release|Any CPU
		{878C1A19-4AFE-4E02-A645-1CE723716F31}.Release|Any CPU.Build.0 = Release|Any CPU
		{D7AC9F52-64B9-4C85-8317-99416C425611}.Debug|Any CPU.ActiveCfg = Debug|Any CPU
		{D7AC9F52-64B9-4C85-8317-99416C425611}.Debug|Any CPU.Build.0 = Debug|Any CPU
		{D7AC9F52-64B9-4C85-8317-99416C425611}.Release|Any CPU.ActiveCfg = Release|Any CPU
		{D7AC9F52-64B9-4C85-8317-99416C425611}.Release|Any CPU.Build.0 = Release|Any CPU
		{B4BA17FD-18D4-4F0F-BBE2-A7BC1CE5C42C}.Debug|Any CPU.ActiveCfg = Debug|Any CPU
		{B4BA17FD-18D4-4F0F-BBE2-A7BC1CE5C42C}.Debug|Any CPU.Build.0 = Debug|Any CPU
		{B4BA17FD-18D4-4F0F-BBE2-A7BC1CE5C42C}.Release|Any CPU.ActiveCfg = Release|Any CPU
		{B4BA17FD-18D4-4F0F-BBE2-A7BC1CE5C42C}.Release|Any CPU.Build.0 = Release|Any CPU
		{18941F40-C9F6-4848-A559-E6153EB73BCE}.Debug|Any CPU.ActiveCfg = Debug|Any CPU
		{18941F40-C9F6-4848-A559-E6153EB73BCE}.Debug|Any CPU.Build.0 = Debug|Any CPU
		{18941F40-C9F6-4848-A559-E6153EB73BCE}.Release|Any CPU.ActiveCfg = Release|Any CPU
		{18941F40-C9F6-4848-A559-E6153EB73BCE}.Release|Any CPU.Build.0 = Release|Any CPU
		{DC409348-7E01-4019-9E63-5FC65A44ADD9}.Debug|Any CPU.ActiveCfg = Debug|Any CPU
		{DC409348-7E01-4019-9E63-5FC65A44ADD9}.Debug|Any CPU.Build.0 = Debug|Any CPU
		{DC409348-7E01-4019-9E63-5FC65A44ADD9}.Release|Any CPU.ActiveCfg = Release|Any CPU
		{DC409348-7E01-4019-9E63-5FC65A44ADD9}.Release|Any CPU.Build.0 = Release|Any CPU
		{D98BF06B-5D54-4848-A0FC-225FFA10232D}.Debug|Any CPU.ActiveCfg = Debug|Any CPU
		{D98BF06B-5D54-4848-A0FC-225FFA10232D}.Debug|Any CPU.Build.0 = Debug|Any CPU
		{D98BF06B-5D54-4848-A0FC-225FFA10232D}.Release|Any CPU.ActiveCfg = Release|Any CPU
		{D98BF06B-5D54-4848-A0FC-225FFA10232D}.Release|Any CPU.Build.0 = Release|Any CPU
		{31FAE25B-5C3C-4E95-99B7-6F784ACC41F7}.Debug|Any CPU.ActiveCfg = Debug|Any CPU
		{31FAE25B-5C3C-4E95-99B7-6F784ACC41F7}.Debug|Any CPU.Build.0 = Debug|Any CPU
		{31FAE25B-5C3C-4E95-99B7-6F784ACC41F7}.Release|Any CPU.ActiveCfg = Release|Any CPU
		{31FAE25B-5C3C-4E95-99B7-6F784ACC41F7}.Release|Any CPU.Build.0 = Release|Any CPU
		{CDD79917-6470-48FA-B3D1-1DE40C73039D}.Debug|Any CPU.ActiveCfg = Debug|Any CPU
		{CDD79917-6470-48FA-B3D1-1DE40C73039D}.Debug|Any CPU.Build.0 = Debug|Any CPU
		{CDD79917-6470-48FA-B3D1-1DE40C73039D}.Release|Any CPU.ActiveCfg = Release|Any CPU
		{CDD79917-6470-48FA-B3D1-1DE40C73039D}.Release|Any CPU.Build.0 = Release|Any CPU
		{C235D796-828D-4998-B130-A9E359B56402}.Debug|Any CPU.ActiveCfg = Debug|Any CPU
		{C235D796-828D-4998-B130-A9E359B56402}.Debug|Any CPU.Build.0 = Debug|Any CPU
		{C235D796-828D-4998-B130-A9E359B56402}.Release|Any CPU.ActiveCfg = Release|Any CPU
		{C235D796-828D-4998-B130-A9E359B56402}.Release|Any CPU.Build.0 = Release|Any CPU
		{423244AF-2AB4-41DB-9C9F-46615FA80136}.Debug|Any CPU.ActiveCfg = Debug|Any CPU
		{423244AF-2AB4-41DB-9C9F-46615FA80136}.Debug|Any CPU.Build.0 = Debug|Any CPU
		{423244AF-2AB4-41DB-9C9F-46615FA80136}.Release|Any CPU.ActiveCfg = Release|Any CPU
		{423244AF-2AB4-41DB-9C9F-46615FA80136}.Release|Any CPU.Build.0 = Release|Any CPU
	EndGlobalSection
	GlobalSection(SolutionProperties) = preSolution
		HideSolutionNode = FALSE
	EndGlobalSection
	GlobalSection(NestedProjects) = preSolution
		{3D792E4E-9383-4FC7-BC81-BD0FD0DEED94} = {42ABEF4B-39A2-4178-BEF0-7A5C8D5B253E}
		{34E2D3A0-1E98-4F2A-B00D-22E78062BBE6} = {42ABEF4B-39A2-4178-BEF0-7A5C8D5B253E}
		{3EA2CA0C-3204-47A5-B5B4-1A74A89FF846} = {3BBDE54F-875B-4B76-8925-A9FAACF90D37}
		{60C421C0-9D57-4C40-A27C-B8741905A791} = {3BBDE54F-875B-4B76-8925-A9FAACF90D37}
		{09B77ADF-091D-4C69-9B3E-CA8D46E2D87D} = {3BBDE54F-875B-4B76-8925-A9FAACF90D37}
		{BE3C70E2-2EA4-40B4-864B-52C47655A7EC} = {3BBDE54F-875B-4B76-8925-A9FAACF90D37}
		{29681976-F797-4C90-8A7C-0CC6CC8CE9A9} = {3BBDE54F-875B-4B76-8925-A9FAACF90D37}
		{2D7F1CAF-2236-4460-A246-715123562BE0} = {E79ED4E5-BC80-47F0-941F-A16F1A8C8664}
		{BAC8C956-E514-4407-83AD-DA6071687212} = {E79ED4E5-BC80-47F0-941F-A16F1A8C8664}
		{8C96ED0C-A7F8-40F8-BA74-4850527B33F2} = {A9BA602B-CB6B-4761-A7A8-6DC16A6EEBF8}
		{878C1A19-4AFE-4E02-A645-1CE723716F31} = {A9BA602B-CB6B-4761-A7A8-6DC16A6EEBF8}
		{D7AC9F52-64B9-4C85-8317-99416C425611} = {A9BA602B-CB6B-4761-A7A8-6DC16A6EEBF8}
		{B4BA17FD-18D4-4F0F-BBE2-A7BC1CE5C42C} = {A9BA602B-CB6B-4761-A7A8-6DC16A6EEBF8}
		{18941F40-C9F6-4848-A559-E6153EB73BCE} = {A9BA602B-CB6B-4761-A7A8-6DC16A6EEBF8}
		{DC409348-7E01-4019-9E63-5FC65A44ADD9} = {A9BA602B-CB6B-4761-A7A8-6DC16A6EEBF8}
		{D98BF06B-5D54-4848-A0FC-225FFA10232D} = {E79ED4E5-BC80-47F0-941F-A16F1A8C8664}
		{31FAE25B-5C3C-4E95-99B7-6F784ACC41F7} = {E79ED4E5-BC80-47F0-941F-A16F1A8C8664}
		{CDD79917-6470-48FA-B3D1-1DE40C73039D} = {E79ED4E5-BC80-47F0-941F-A16F1A8C8664}
		{C235D796-828D-4998-B130-A9E359B56402} = {42ABEF4B-39A2-4178-BEF0-7A5C8D5B253E}
		{423244AF-2AB4-41DB-9C9F-46615FA80136} = {42ABEF4B-39A2-4178-BEF0-7A5C8D5B253E}
	EndGlobalSection
	GlobalSection(ExtensibilityGlobals) = postSolution
		SolutionGuid = {D197A495-64EF-4920-AB8C-59551D85020A}
	EndGlobalSection
EndGlobal
